
Microsoft Visual Studio Solution File, Format Version 12.00
# Visual Studio Version 16
VisualStudioVersion = 16.0.29521.150
MinimumVisualStudioVersion = 10.0.40219.1
Project("{FAE04EC0-301F-11D3-BF4B-00C04F79EFBC}") = "IdDbDemo", "IdDbDemo\IdDbDemo.csproj", "{AF847574-EBFA-4344-91EE-6D2E05316A06}"
EndProject
Global
	GlobalSection(SolutionConfigurationPlatforms) = preSolution
		Debug|Any CPU = Debug|Any CPU
		Release|Any CPU = Release|Any CPU
	EndGlobalSection
	GlobalSection(ProjectConfigurationPlatforms) = postSolution
		{AF847574-EBFA-4344-91EE-6D2E05316A06}.Debug|Any CPU.ActiveCfg = Debug|Any CPU
		{AF847574-EBFA-4344-91EE-6D2E05316A06}.Debug|Any CPU.Build.0 = Debug|Any CPU
		{AF847574-EBFA-4344-91EE-6D2E05316A06}.Release|Any CPU.ActiveCfg = Release|Any CPU
		{AF847574-EBFA-4344-91EE-6D2E05316A06}.Release|Any CPU.Build.0 = Release|Any CPU
	EndGlobalSection
	GlobalSection(SolutionProperties) = preSolution
		HideSolutionNode = FALSE
	EndGlobalSection
	GlobalSection(ExtensibilityGlobals) = postSolution
		SolutionGuid = {116E1D12-72EC-4503-8F56-9E8D00E0BA15}
	EndGlobalSection
EndGlobal
